
Microsoft Visual Studio Solution File, Format Version 12.00
# Visual Studio 15
VisualStudioVersion = 15.0.28307.271
MinimumVisualStudioVersion = 10.0.40219.1
Project("{FAE04EC0-301F-11D3-BF4B-00C04F79EFBC}") = "WebApplication1", "WebApplication1\WebApplication1.csproj", "{E68547FE-464E-48A9-A2C2-708ECA1FE4FF}"
EndProject
Global
	GlobalSection(SolutionConfigurationPlatforms) = preSolution
		Debug|Any CPU = Debug|Any CPU
		Release|Any CPU = Release|Any CPU
	EndGlobalSection
	GlobalSection(ProjectConfigurationPlatforms) = postSolution
		{E68547FE-464E-48A9-A2C2-708ECA1FE4FF}.Debug|Any CPU.ActiveCfg = Debug|Any CPU
		{E68547FE-464E-48A9-A2C2-708ECA1FE4FF}.Debug|Any CPU.Build.0 = Debug|Any CPU
		{E68547FE-464E-48A9-A2C2-708ECA1FE4FF}.Release|Any CPU.ActiveCfg = Release|Any CPU
		{E68547FE-464E-48A9-A2C2-708ECA1FE4FF}.Release|Any CPU.Build.0 = Release|Any CPU
	EndGlobalSection
	GlobalSection(SolutionProperties) = preSolution
		HideSolutionNode = FALSE
	EndGlobalSection
	GlobalSection(ExtensibilityGlobals) = postSolution
		SolutionGuid = {81F4C53C-6448-42CF-AB62-03E8FCDF6F8A}
	EndGlobalSection
EndGlobal
